# This file is generated by running "yarn install" inside your project.
# Manual changes might be lost - proceed with caution!

__metadata:
  version: 4
  cacheKey: 8

"@types/prop-types@npm:*":
  version: 15.7.4
  resolution: "@types/prop-types@npm:15.7.4"
  checksum: ef6e1899e59b876c273811b1bd845022fc66d5a3d11cb38a25b6c566b30514ae38fe20a40f67622f362a4f4f7f9224e22d8da101cff3d6e97e11d7b4c307cfc1
  languageName: node
  linkType: hard

"@types/react@npm:^17.0.20":
  version: 17.0.20
  resolution: "@types/react@npm:17.0.20"
  dependencies:
    "@types/prop-types": "*"
    "@types/scheduler": "*"
    csstype: ^3.0.2
  checksum: e342bfaa4fe052fc3a445ea49f746f3fd82cfc9c8028eae139a3e0763ead1871f353bd40da2a472f23d2b52544d2781d40e3159c0703e7e2ff08c13f067a3b9c
  languageName: node
  linkType: hard

"@types/scheduler@npm:*":
  version: 0.16.2
  resolution: "@types/scheduler@npm:0.16.2"
  checksum: b6b4dcfeae6deba2e06a70941860fb1435730576d3689225a421280b7742318d1548b3d22c1f66ab68e414f346a9542f29240bc955b6332c5b11e561077583bc
  languageName: node
  linkType: hard

"csstype@npm:^3.0.2":
  version: 3.0.8
  resolution: "csstype@npm:3.0.8"
  checksum: 5939a003858a31a32cbc52a8f45496aa0c2bcb4629b21c5bc14a7ddcac1a3d4adfd655f56843dc14940f60563378e9444af2c9c373b3f212601b9eeb6740b8db
  languageName: node
  linkType: hard

"js-tokens@npm:^3.0.0 || ^4.0.0":
  version: 4.0.0
  resolution: "js-tokens@npm:4.0.0"
  checksum: 8a95213a5a77deb6cbe94d86340e8d9ace2b93bc367790b260101d2f36a2eaf4e4e22d9fa9cf459b38af3a32fb4190e638024cf82ec95ef708680e405ea7cc78
  languageName: node
  linkType: hard

"loose-envify@npm:^1.1.0":
  version: 1.4.0
  resolution: "loose-envify@npm:1.4.0"
  dependencies:
    js-tokens: ^3.0.0 || ^4.0.0
  bin:
    loose-envify: cli.js
  checksum: 6517e24e0cad87ec9888f500c5b5947032cdfe6ef65e1c1936a0c48a524b81e65542c9c3edc91c97d5bddc806ee2a985dbc79be89215d613b1de5db6d1cfe6f4
  languageName: node
  linkType: hard

"object-assign@npm:^4.1.1":
  version: 4.1.1
  resolution: "object-assign@npm:4.1.1"
  checksum: fcc6e4ea8c7fe48abfbb552578b1c53e0d194086e2e6bbbf59e0a536381a292f39943c6e9628af05b5528aa5e3318bb30d6b2e53cadaf5b8fe9e12c4b69af23f
  languageName: node
  linkType: hard

"react@npm:^17.0.2":
  version: 17.0.2
  resolution: "react@npm:17.0.2"
  dependencies:
    loose-envify: ^1.1.0
    object-assign: ^4.1.1
  checksum: b254cc17ce3011788330f7bbf383ab653c6848902d7936a87b09d835d091e3f295f7e9dd1597c6daac5dc80f90e778c8230218ba8ad599f74adcc11e33b9d61b
  languageName: node
  linkType: hard

typescript@^4.4.2:
  version: 4.4.2
  resolution: "typescript@npm:4.4.2"
  bin:
    tsc: bin/tsc
    tsserver: bin/tsserver
  checksum: 194e08e9d1971d667d6fd1a0554616b7022312a2319d70e81a64e502a265992061ee7817ed9a69b52bbabe7a9b85e7938cb8c11c433e40a516b277f8c4dacd51
  languageName: node
  linkType: hard

"typescript@patch:typescript@^4.4.2#~builtin<compat/typescript>":
  version: 4.4.2
  resolution: "typescript@patch:typescript@npm%3A4.4.2#~builtin<compat/typescript>::version=4.4.2&hash=32657b"
  bin:
    tsc: bin/tsc
    tsserver: bin/tsserver
  checksum: 3109ae25705746996007161cdd3271857db4f40356b894e34d4cabc216bf9e251f53e0bb6e48df2450b5e3fd948dcbee716a616a4ad4cf7251292025e6163cb1
  languageName: node
  linkType: hard

"yarn2-test-2@workspace:.":
  version: 0.0.0-use.local
  resolution: "yarn2-test-2@workspace:."
  dependencies:
    "@types/react": ^17.0.20
    react: ^17.0.2
    typescript: ^4.4.2
  languageName: unknown
  linkType: soft
